// !$*UTF8*$!
{
	archiveVersion = 1;
	classes = {
	};
	objectVersion = 39;
	objects = {
		089C165FFE840EACC02AAC07 = {
			children = (
				089C1660FE840EACC02AAC07,
			);
			isa = PBXVariantGroup;
			name = InfoPlist.strings;
			refType = 4;
			sourceTree = "<group>";
		};
		089C1660FE840EACC02AAC07 = {
			fileEncoding = 10;
			isa = PBXFileReference;
			lastKnownFileType = text.plist.strings;
			name = English;
			path = English.lproj/InfoPlist.strings;
			refType = 4;
			sourceTree = "<group>";
		};
//080
//081
//082
//083
//084
//100
//101
//102
//103
//104
		1058C7A6FEA54F5311CA2CBB = {
			children = (
				1058C7A7FEA54F5311CA2CBB,
				9DC8FEAC0419293800A81608,
			);
			isa = PBXGroup;
			name = "Linked Frameworks";
			refType = 4;
			sourceTree = "<group>";
		};
		1058C7A7FEA54F5311CA2CBB = {
			fallbackIsa = PBXFileReference;
			isa = PBXFrameworkReference;
			lastKnownFileType = wrapper.framework;
			name = Cocoa.framework;
			path = /System/Library/Frameworks/Cocoa.framework;
			refType = 0;
			sourceTree = "<absolute>";
		};
		1058C7A8FEA54F5311CA2CBB = {
			children = (
				2A37F4C5FDCFA73011CA2CEA,
				2A37F4C4FDCFA73011CA2CEA,
			);
			isa = PBXGroup;
			name = "Other Frameworks";
			refType = 4;
			sourceTree = "<group>";
		};
//100
//101
//102
//103
//104
//190
//191
//192
//193
//194
		19C28FB0FE9D524F11CA2CBB = {
			children = (
				9DB8DEA20590C11B0039D27C,
				9DB8DEDE0590C1370039D27C,
			);
			isa = PBXGroup;
			name = Products;
			refType = 4;
			sourceTree = "<group>";
		};
//190
//191
//192
//193
//194
//2A0
//2A1
//2A2
//2A3
//2A4
		2A37F4A9FDCFA73011CA2CEA = {
			buildSettings = {
			};
			buildStyles = (
				4A9504D0FFE6A4CB11CA0CBA,
				4A9504D1FFE6A4CB11CA0CBA,
			);
			hasScannedForEncodings = 1;
			isa = PBXProject;
			mainGroup = 2A37F4AAFDCFA73011CA2CEA;
			projectDirPath = "";
			targets = (
				9DB8DEA60590C1370039D27C,
				9DB8DE980590C11B0039D27C,
			);
		};
		2A37F4AAFDCFA73011CA2CEA = {
			children = (
				2A37F4ABFDCFA73011CA2CEA,
				2A37F4AFFDCFA73011CA2CEA,
				9DC53C8D045D6BEA00C7B3CF,
				2A37F4B8FDCFA73011CA2CEA,
				2A37F4C3FDCFA73011CA2CEA,
				19C28FB0FE9D524F11CA2CBB,
			);
			isa = PBXGroup;
			name = AquaLess;
			path = "";
			refType = 4;
			sourceTree = "<group>";
		};
		2A37F4ABFDCFA73011CA2CEA = {
			children = (
				9DA64F0B040C0D1000A81664,
				9DA64F0C040C0D1000A81664,
				9D7C345C040965FC00A81664,
				9D7C345B040965FC00A81664,
				9D028CDE040FCB7B00A81664,
				9D028CDD040FCB7B00A81664,
				9D6B421E042DBD5500F86BBE,
				9D6B421D042DBD5500F86BBE,
				9D5E8A4C040E088400A81664,
				9D5E8A4B040E088400A81664,
				9D028CFA041284B700A81664,
				9D028CF9041284B700A81664,
				9D028CFE04138A4D00A81664,
				9D028CFD04138A4D00A81664,
				9D4C893C0415118000A81664,
				9D4C893B0415118000A81664,
				9D028D020413A78700A81664,
				9D028D010413A78700A81664,
				9DCE8DB60416511200A81608,
				9DCE8DB50416511200A81608,
			);
			isa = PBXGroup;
			name = Classes;
			path = "";
			refType = 4;
			sourceTree = "<group>";
		};
		2A37F4AFFDCFA73011CA2CEA = {
			children = (
				2A37F4B0FDCFA73011CA2CEA,
				32DBCF750370BD2300C91783,
				9DA64F07040C091400A81664,
				9DA64EEB040C00E300A81664,
				9D028CE2040FDF5900A81664,
				9D028CE1040FDF5900A81664,
				9DC8FEA904191F9400A81608,
				9DC8FEA804191F9400A81608,
			);
			isa = PBXGroup;
			name = "Other Sources";
			path = "";
			refType = 4;
			sourceTree = "<group>";
		};
		2A37F4B0FDCFA73011CA2CEA = {
			fileEncoding = 5;
			isa = PBXFileReference;
			lastKnownFileType = sourcecode.c.objc;
			path = main.m;
			refType = 4;
			sourceTree = "<group>";
		};
		2A37F4B6FDCFA73011CA2CEA = {
			children = (
				2A37F4B7FDCFA73011CA2CEA,
			);
			isa = PBXVariantGroup;
			name = MainMenu.nib;
			path = "";
			refType = 4;
			sourceTree = "<group>";
		};
		2A37F4B7FDCFA73011CA2CEA = {
			isa = PBXFileReference;
			lastKnownFileType = wrapper.nib;
			name = English;
			path = English.lproj/MainMenu.nib;
			refType = 4;
			sourceTree = "<group>";
		};
		2A37F4B8FDCFA73011CA2CEA = {
			children = (
				9DB8DEDD0590C1370039D27C,
				089C165FFE840EACC02AAC07,
				2A37F4B6FDCFA73011CA2CEA,
				9D7C3458040965C200A81664,
				9DCE8DBF04165E4900A81608,
				9D6B4221042DBE5E00F86BBE,
				2A37F4B9FDCFA73011CA2CEA,
				9DCE8DBB04165DCF00A81608,
				9DCE8DB904165DCF00A81608,
				9D6053D60419F91700A81608,
				9D5DDE4906089F2E00A2159C,
			);
			isa = PBXGroup;
			name = Resources;
			path = "";
			refType = 4;
			sourceTree = "<group>";
		};
		2A37F4B9FDCFA73011CA2CEA = {
			children = (
				2A37F4BAFDCFA73011CA2CEA,
			);
			isa = PBXVariantGroup;
			name = Credits.rtf;
			path = "";
			refType = 4;
			sourceTree = "<group>";
		};
		2A37F4BAFDCFA73011CA2CEA = {
			isa = PBXFileReference;
			lastKnownFileType = text.rtf;
			name = English;
			path = English.lproj/Credits.rtf;
			refType = 4;
			sourceTree = "<group>";
		};
		2A37F4C3FDCFA73011CA2CEA = {
			children = (
				1058C7A6FEA54F5311CA2CBB,
				1058C7A8FEA54F5311CA2CBB,
			);
			isa = PBXGroup;
			name = Frameworks;
			path = "";
			refType = 4;
			sourceTree = "<group>";
		};
		2A37F4C4FDCFA73011CA2CEA = {
			fallbackIsa = PBXFileReference;
			isa = PBXFrameworkReference;
			lastKnownFileType = wrapper.framework;
			name = AppKit.framework;
			path = /System/Library/Frameworks/AppKit.framework;
			refType = 0;
			sourceTree = "<absolute>";
		};
		2A37F4C5FDCFA73011CA2CEA = {
			fallbackIsa = PBXFileReference;
			isa = PBXFrameworkReference;
			lastKnownFileType = wrapper.framework;
			name = Foundation.framework;
			path = /System/Library/Frameworks/Foundation.framework;
			refType = 0;
			sourceTree = "<absolute>";
		};
//2A0
//2A1
//2A2
//2A3
//2A4
//320
//321
//322
//323
//324
		32DBCF750370BD2300C91783 = {
			fileEncoding = 5;
			isa = PBXFileReference;
			lastKnownFileType = sourcecode.c.h;
			path = AquaLess_Prefix.h;
			refType = 4;
			sourceTree = "<group>";
		};
//320
//321
//322
//323
//324
//4A0
//4A1
//4A2
//4A3
//4A4
		4A9504D0FFE6A4CB11CA0CBA = {
			buildRules = (
			);
			buildSettings = {
				COPY_PHASE_STRIP = NO;
				GCC_DYNAMIC_NO_PIC = NO;
				GCC_ENABLE_FIX_AND_CONTINUE = YES;
				GCC_GENERATE_DEBUGGING_SYMBOLS = YES;
				GCC_OPTIMIZATION_LEVEL = 0;
				OPTIMIZATION_CFLAGS = "-O0";
				ZERO_LINK = NO;
			};
			isa = PBXBuildStyle;
			name = Development;
		};
		4A9504D1FFE6A4CB11CA0CBA = {
			buildRules = (
			);
			buildSettings = {
				COPY_PHASE_STRIP = YES;
				DEPLOYMENT_LOCATION = YES;
				DEPLOYMENT_POSTPROCESSING = YES;
				GCC_ENABLE_FIX_AND_CONTINUE = NO;
				ZERO_LINK = NO;
			};
			isa = PBXBuildStyle;
			name = Deployment;
		};
//4A0
//4A1
//4A2
//4A3
//4A4
//9D0
//9D1
//9D2
//9D3
//9D4
		9D028CDD040FCB7B00A81664 = {
			fileEncoding = 30;
			isa = PBXFileReference;
			lastKnownFileType = sourcecode.c.h;
			path = PagerWindowController.h;
			refType = 4;
			sourceTree = "<group>";
		};
		9D028CDE040FCB7B00A81664 = {
			fileEncoding = 30;
			isa = PBXFileReference;
			lastKnownFileType = sourcecode.c.objc;
			path = PagerWindowController.m;
			refType = 4;
			sourceTree = "<group>";
		};
		9D028CE1040FDF5900A81664 = {
			fileEncoding = 5;
			isa = PBXFileReference;
			lastKnownFileType = sourcecode.c.h;
			path = FontHelper.h;
			refType = 4;
			sourceTree = "<group>";
		};
		9D028CE2040FDF5900A81664 = {
			fileEncoding = 5;
			isa = PBXFileReference;
			lastKnownFileType = sourcecode.c.objc;
			path = FontHelper.m;
			refType = 4;
			sourceTree = "<group>";
		};
		9D028CF9041284B700A81664 = {
			fileEncoding = 5;
			isa = PBXFileReference;
			lastKnownFileType = sourcecode.c.h;
			path = InputParser.h;
			refType = 4;
			sourceTree = "<group>";
		};
		9D028CFA041284B700A81664 = {
			fileEncoding = 5;
			isa = PBXFileReference;
			lastKnownFileType = sourcecode.c.objc;
			path = InputParser.m;
			refType = 4;
			sourceTree = "<group>";
		};
		9D028CFD04138A4D00A81664 = {
			fileEncoding = 5;
			isa = PBXFileReference;
			lastKnownFileType = sourcecode.c.h;
			path = SmartTextInputParser.h;
			refType = 4;
			sourceTree = "<group>";
		};
		9D028CFE04138A4D00A81664 = {
			fileEncoding = 5;
			isa = PBXFileReference;
			lastKnownFileType = sourcecode.c.objc;
			path = SmartTextInputParser.m;
			refType = 4;
			sourceTree = "<group>";
		};
		9D028D010413A78700A81664 = {
			fileEncoding = 5;
			isa = PBXFileReference;
			lastKnownFileType = sourcecode.c.h;
			path = HexdumpInputParser.h;
			refType = 4;
			sourceTree = "<group>";
		};
		9D028D020413A78700A81664 = {
			fileEncoding = 5;
			isa = PBXFileReference;
			lastKnownFileType = sourcecode.c.objc;
			path = HexdumpInputParser.m;
			refType = 4;
			sourceTree = "<group>";
		};
		9D4C893B0415118000A81664 = {
			fileEncoding = 5;
			isa = PBXFileReference;
			lastKnownFileType = sourcecode.c.h;
			path = RawTextInputParser.h;
			refType = 4;
			sourceTree = "<group>";
		};
		9D4C893C0415118000A81664 = {
			fileEncoding = 5;
			isa = PBXFileReference;
			lastKnownFileType = sourcecode.c.objc;
			path = RawTextInputParser.m;
			refType = 4;
			sourceTree = "<group>";
		};
		9D5DDE4906089F2E00A2159C = {
			fileEncoding = 12;
			isa = PBXFileReference;
			lastKnownFileType = text;
			path = MacPAD.url;
			refType = 4;
			sourceTree = "<group>";
		};
		9D5DDE4A06089F2E00A2159C = {
			fileRef = 9D5DDE4906089F2E00A2159C;
			isa = PBXBuildFile;
			settings = {
			};
		};
		9D5E8A4B040E088400A81664 = {
			fileEncoding = 30;
			isa = PBXFileReference;
			lastKnownFileType = sourcecode.c.h;
			path = PagerTextView.h;
			refType = 4;
			sourceTree = "<group>";
		};
		9D5E8A4C040E088400A81664 = {
			fileEncoding = 30;
			isa = PBXFileReference;
			lastKnownFileType = sourcecode.c.objc;
			path = PagerTextView.m;
			refType = 4;
			sourceTree = "<group>";
		};
		9D6053D60419F91700A81608 = {
			isa = PBXFileReference;
			lastKnownFileType = image.icns;
			path = scroll.icns;
			refType = 4;
			sourceTree = "<group>";
		};
		9D6B421D042DBD5500F86BBE = {
			fileEncoding = 5;
			isa = PBXFileReference;
			lastKnownFileType = sourcecode.c.h;
			path = FindPanelController.h;
			refType = 4;
			sourceTree = "<group>";
		};
		9D6B421E042DBD5500F86BBE = {
			fileEncoding = 5;
			isa = PBXFileReference;
			lastKnownFileType = sourcecode.c.objc;
			path = FindPanelController.m;
			refType = 4;
			sourceTree = "<group>";
		};
		9D6B4221042DBE5E00F86BBE = {
			children = (
				9D6B4222042DBE5E00F86BBE,
			);
			isa = PBXVariantGroup;
			name = FindPanel.nib;
			path = "";
			refType = 4;
			sourceTree = "<group>";
		};
		9D6B4222042DBE5E00F86BBE = {
			isa = PBXFileReference;
			lastKnownFileType = wrapper.nib;
			name = English;
			path = English.lproj/FindPanel.nib;
			refType = 4;
			sourceTree = "<group>";
		};
		9D748A4A0590CC48007AF501 = {
			fileRef = 9DB8DEA20590C11B0039D27C;
			isa = PBXBuildFile;
			settings = {
			};
		};
		9D7C3458040965C200A81664 = {
			children = (
				9D7C3459040965C200A81664,
			);
			isa = PBXVariantGroup;
			name = PagerDocument.nib;
			path = "";
			refType = 4;
			sourceTree = "<group>";
		};
		9D7C3459040965C200A81664 = {
			isa = PBXFileReference;
			lastKnownFileType = wrapper.nib;
			name = English;
			path = English.lproj/PagerDocument.nib;
			refType = 4;
			sourceTree = "<group>";
		};
		9D7C345B040965FC00A81664 = {
			fileEncoding = 5;
			isa = PBXFileReference;
			lastKnownFileType = sourcecode.c.h;
			path = PagerDocument.h;
			refType = 4;
			sourceTree = "<group>";
		};
		9D7C345C040965FC00A81664 = {
			fileEncoding = 5;
			isa = PBXFileReference;
			lastKnownFileType = sourcecode.c.objc;
			path = PagerDocument.m;
			refType = 4;
			sourceTree = "<group>";
		};
		9DA64EEB040C00E300A81664 = {
			fileEncoding = 5;
			isa = PBXFileReference;
			lastKnownFileType = sourcecode.c.objc;
			path = aless.m;
			refType = 4;
			sourceTree = "<group>";
		};
		9DA64F07040C091400A81664 = {
			fileEncoding = 5;
			isa = PBXFileReference;
			lastKnownFileType = sourcecode.c.h;
			path = AquaLess_Protocol.h;
			refType = 4;
			sourceTree = "<group>";
		};
		9DA64F0B040C0D1000A81664 = {
			fileEncoding = 30;
			isa = PBXFileReference;
			lastKnownFileType = sourcecode.c.objc;
			path = MyDocumentController.m;
			refType = 4;
			sourceTree = "<group>";
		};
		9DA64F0C040C0D1000A81664 = {
			fileEncoding = 30;
			isa = PBXFileReference;
			lastKnownFileType = sourcecode.c.h;
			path = MyDocumentController.h;
			refType = 4;
			sourceTree = "<group>";
		};
		9DB8DE980590C11B0039D27C = {
			buildPhases = (
				9DB8DE990590C11B0039D27C,
				9DB8DE9C0590C11B0039D27C,
				9DB8DE9E0590C11B0039D27C,
				9DB8DEA00590C11B0039D27C,
			);
			buildRules = (
			);
			buildSettings = {
				GCC_PRECOMPILE_PREFIX_HEADER = YES;
				GCC_PREFIX_HEADER = AquaLess_Prefix.h;
				GCC_WARN_FOUR_CHARACTER_CONSTANTS = NO;
				GCC_WARN_UNKNOWN_PRAGMAS = NO;
				OTHER_CFLAGS = "";
				OTHER_LDFLAGS = "";
				OTHER_REZFLAGS = "";
				PRODUCT_NAME = aless;
				REZ_EXECUTABLE = YES;
				SECTORDER_FLAGS = "";
				WARNING_CFLAGS = "-Wmost";
				ZERO_LINK = NO;
			};
			dependencies = (
			);
			isa = PBXNativeTarget;
			name = aless;
			productInstallPath = /usr/local/bin;
			productName = aless;
			productReference = 9DB8DEA20590C11B0039D27C;
			productType = "com.apple.product-type.tool";
		};
		9DB8DE990590C11B0039D27C = {
			buildActionMask = 2147483647;
			files = (
				9DB8DE9A0590C11B0039D27C,
				9DB8DE9B0590C11B0039D27C,
			);
			isa = PBXHeadersBuildPhase;
			runOnlyForDeploymentPostprocessing = 0;
		};
		9DB8DE9A0590C11B0039D27C = {
			fileRef = 9DA64F07040C091400A81664;
			isa = PBXBuildFile;
			settings = {
			};
		};
		9DB8DE9B0590C11B0039D27C = {
			fileRef = 32DBCF750370BD2300C91783;
			isa = PBXBuildFile;
			settings = {
			};
		};
		9DB8DE9C0590C11B0039D27C = {
			buildActionMask = 2147483647;
			files = (
				9DB8DE9D0590C11B0039D27C,
			);
			isa = PBXSourcesBuildPhase;
			runOnlyForDeploymentPostprocessing = 0;
		};
		9DB8DE9D0590C11B0039D27C = {
			fileRef = 9DA64EEB040C00E300A81664;
			isa = PBXBuildFile;
			settings = {
			};
		};
		9DB8DE9E0590C11B0039D27C = {
			buildActionMask = 2147483647;
			files = (
				9DB8DE9F0590C11B0039D27C,
			);
			isa = PBXFrameworksBuildPhase;
			runOnlyForDeploymentPostprocessing = 0;
		};
		9DB8DE9F0590C11B0039D27C = {
			fileRef = 1058C7A7FEA54F5311CA2CBB;
			isa = PBXBuildFile;
			settings = {
			};
		};
		9DB8DEA00590C11B0039D27C = {
			buildActionMask = 2147483647;
			files = (
			);
			isa = PBXRezBuildPhase;
			runOnlyForDeploymentPostprocessing = 0;
		};
		9DB8DEA20590C11B0039D27C = {
			explicitFileType = "compiled.mach-o.executable";
			includeInIndex = 0;
			isa = PBXFileReference;
			path = aless;
			refType = 3;
			sourceTree = BUILT_PRODUCTS_DIR;
		};
		9DB8DEA60590C1370039D27C = {
			buildPhases = (
				9DB8DEA80590C1370039D27C,
				9DB8DEBB0590C1370039D27C,
				9DB8DEC60590C1370039D27C,
				9DB8DED90590C1370039D27C,
			);
			buildRules = (
			);
			buildSettings = {
				FRAMEWORK_SEARCH_PATHS = "";
				GCC_PRECOMPILE_PREFIX_HEADER = YES;
				GCC_PREFIX_HEADER = AquaLess_Prefix.h;
				GCC_PREPROCESSOR_DEFINITIONS = "SUPPORT_UTF8 POSIX_MALLOC_THRESHOLD=10";
				GCC_WARN_FOUR_CHARACTER_CONSTANTS = NO;
				GCC_WARN_UNKNOWN_PRAGMAS = NO;
				HEADER_SEARCH_PATHS = "";
				INFOPLIST_FILE = "Info-AquaLess.plist";
				LIBRARY_SEARCH_PATHS = "";
				OTHER_CFLAGS = "";
				OTHER_LDFLAGS = "";
				PRODUCT_NAME = AquaLess;
				SECTORDER_FLAGS = "";
				WARNING_CFLAGS = "-Wmost";
				WRAPPER_EXTENSION = app;
			};
			dependencies = (
				9DB8DEE10590C1430039D27C,
			);
			isa = PBXNativeTarget;
			name = AquaLess;
			productName = AquaLess;
			productReference = 9DB8DEDE0590C1370039D27C;
			productType = "com.apple.product-type.application";
		};
		9DB8DEA80590C1370039D27C = {
			buildActionMask = 2147483647;
			files = (
				9DB8DEA90590C1370039D27C,
				9DB8DEAA0590C1370039D27C,
				9DB8DEAB0590C1370039D27C,
				9DB8DEAC0590C1370039D27C,
				9DB8DEAD0590C1370039D27C,
				9DB8DEAE0590C1370039D27C,
				9DB8DEAF0590C1370039D27C,
				9DB8DEB00590C1370039D27C,
				9DB8DEB10590C1370039D27C,
				9DB8DEB20590C1370039D27C,
				9DB8DEB30590C1370039D27C,
				9DB8DEB40590C1370039D27C,
				9DB8DEB50590C1370039D27C,
				9DB8DEB60590C1370039D27C,
				9DB8DEB70590C1370039D27C,
				9DB8DEB80590C1370039D27C,
				9DB8DEB90590C1370039D27C,
				9DB8DEBA0590C1370039D27C,
			);
			isa = PBXHeadersBuildPhase;
			runOnlyForDeploymentPostprocessing = 0;
		};
		9DB8DEA90590C1370039D27C = {
			fileRef = 32DBCF750370BD2300C91783;
			isa = PBXBuildFile;
			settings = {
			};
		};
		9DB8DEAA0590C1370039D27C = {
			fileRef = 9D7C345B040965FC00A81664;
			isa = PBXBuildFile;
			settings = {
			};
		};
		9DB8DEAB0590C1370039D27C = {
			fileRef = 9DA64F07040C091400A81664;
			isa = PBXBuildFile;
			settings = {
			};
		};
		9DB8DEAC0590C1370039D27C = {
			fileRef = 9DA64F0C040C0D1000A81664;
			isa = PBXBuildFile;
			settings = {
			};
		};
		9DB8DEAD0590C1370039D27C = {
			fileRef = 9D5E8A4B040E088400A81664;
			isa = PBXBuildFile;
			settings = {
			};
		};
		9DB8DEAE0590C1370039D27C = {
			fileRef = 9D028CDD040FCB7B00A81664;
			isa = PBXBuildFile;
			settings = {
			};
		};
		9DB8DEAF0590C1370039D27C = {
			fileRef = 9D028CE1040FDF5900A81664;
			isa = PBXBuildFile;
			settings = {
			};
		};
		9DB8DEB00590C1370039D27C = {
			fileRef = 9D028CF9041284B700A81664;
			isa = PBXBuildFile;
			settings = {
			};
		};
		9DB8DEB10590C1370039D27C = {
			fileRef = 9D028CFD04138A4D00A81664;
			isa = PBXBuildFile;
			settings = {
			};
		};
		9DB8DEB20590C1370039D27C = {
			fileRef = 9D028D010413A78700A81664;
			isa = PBXBuildFile;
			settings = {
			};
		};
		9DB8DEB30590C1370039D27C = {
			fileRef = 9D4C893B0415118000A81664;
			isa = PBXBuildFile;
			settings = {
			};
		};
		9DB8DEB40590C1370039D27C = {
			fileRef = 9DCE8DB50416511200A81608;
			isa = PBXBuildFile;
			settings = {
			};
		};
		9DB8DEB50590C1370039D27C = {
			fileRef = 9DC8FEA804191F9400A81608;
			isa = PBXBuildFile;
			settings = {
			};
		};
		9DB8DEB60590C1370039D27C = {
			fileRef = 9D6B421D042DBD5500F86BBE;
			isa = PBXBuildFile;
			settings = {
			};
		};
		9DB8DEB70590C1370039D27C = {
			fileRef = 9DC53C8E045D6C1500C7B3CF;
			isa = PBXBuildFile;
			settings = {
			};
		};
		9DB8DEB80590C1370039D27C = {
			fileRef = 9DC53C91045D6C1500C7B3CF;
			isa = PBXBuildFile;
			settings = {
			};
		};
		9DB8DEB90590C1370039D27C = {
			fileRef = 9DC53C93045D6C1500C7B3CF;
			isa = PBXBuildFile;
			settings = {
			};
		};
		9DB8DEBA0590C1370039D27C = {
			fileRef = 9DC53C96045D6C1500C7B3CF;
			isa = PBXBuildFile;
			settings = {
			};
		};
		9DB8DEBB0590C1370039D27C = {
			buildActionMask = 2147483647;
			files = (
				9D748A4A0590CC48007AF501,
				9DB8DEBC0590C1370039D27C,
				9DB8DEBD0590C1370039D27C,
				9DB8DEBE0590C1370039D27C,
				9DB8DEBF0590C1370039D27C,
				9DB8DEC00590C1370039D27C,
				9DB8DEC10590C1370039D27C,
				9DB8DEC20590C1370039D27C,
				9DB8DEC40590C1370039D27C,
				9DB8DEC50590C1370039D27C,
				9D5DDE4A06089F2E00A2159C,
			);
			isa = PBXResourcesBuildPhase;
			runOnlyForDeploymentPostprocessing = 0;
		};
		9DB8DEBC0590C1370039D27C = {
			fileRef = 2A37F4B9FDCFA73011CA2CEA;
			isa = PBXBuildFile;
			settings = {
			};
		};
		9DB8DEBD0590C1370039D27C = {
			fileRef = 2A37F4B6FDCFA73011CA2CEA;
			isa = PBXBuildFile;
			settings = {
			};
		};
		9DB8DEBE0590C1370039D27C = {
			fileRef = 089C165FFE840EACC02AAC07;
			isa = PBXBuildFile;
			settings = {
			};
		};
		9DB8DEBF0590C1370039D27C = {
			fileRef = 9D7C3458040965C200A81664;
			isa = PBXBuildFile;
			settings = {
			};
		};
		9DB8DEC00590C1370039D27C = {
			fileRef = 9DCE8DB904165DCF00A81608;
			isa = PBXBuildFile;
			settings = {
			};
		};
		9DB8DEC10590C1370039D27C = {
			fileRef = 9DCE8DBB04165DCF00A81608;
			isa = PBXBuildFile;
			settings = {
			};
		};
		9DB8DEC20590C1370039D27C = {
			fileRef = 9DCE8DBF04165E4900A81608;
			isa = PBXBuildFile;
			settings = {
			};
		};
		9DB8DEC40590C1370039D27C = {
			fileRef = 9D6053D60419F91700A81608;
			isa = PBXBuildFile;
			settings = {
			};
		};
		9DB8DEC50590C1370039D27C = {
			fileRef = 9D6B4221042DBE5E00F86BBE;
			isa = PBXBuildFile;
			settings = {
			};
		};
		9DB8DEC60590C1370039D27C = {
			buildActionMask = 2147483647;
			files = (
				9DB8DEC70590C1370039D27C,
				9DB8DEC80590C1370039D27C,
				9DB8DEC90590C1370039D27C,
				9DB8DECA0590C1370039D27C,
				9DB8DECB0590C1370039D27C,
				9DB8DECC0590C1370039D27C,
				9DB8DECD0590C1370039D27C,
				9DB8DECE0590C1370039D27C,
				9DB8DECF0590C1370039D27C,
				9DB8DED00590C1370039D27C,
				9DB8DED10590C1370039D27C,
				9DB8DED20590C1370039D27C,
				9DB8DED30590C1370039D27C,
				9DB8DED40590C1370039D27C,
				9DB8DED50590C1370039D27C,
				9DB8DED60590C1370039D27C,
				9DB8DED70590C1370039D27C,
				9DB8DED80590C1370039D27C,
			);
			isa = PBXSourcesBuildPhase;
			runOnlyForDeploymentPostprocessing = 0;
		};
		9DB8DEC70590C1370039D27C = {
			fileRef = 2A37F4B0FDCFA73011CA2CEA;
			isa = PBXBuildFile;
			settings = {
				ATTRIBUTES = (
				);
			};
		};
		9DB8DEC80590C1370039D27C = {
			fileRef = 9D7C345C040965FC00A81664;
			isa = PBXBuildFile;
			settings = {
			};
		};
		9DB8DEC90590C1370039D27C = {
			fileRef = 9DA64F0B040C0D1000A81664;
			isa = PBXBuildFile;
			settings = {
			};
		};
		9DB8DECA0590C1370039D27C = {
			fileRef = 9D5E8A4C040E088400A81664;
			isa = PBXBuildFile;
			settings = {
			};
		};
		9DB8DECB0590C1370039D27C = {
			fileRef = 9D028CDE040FCB7B00A81664;
			isa = PBXBuildFile;
			settings = {
			};
		};
		9DB8DECC0590C1370039D27C = {
			fileRef = 9D028CE2040FDF5900A81664;
			isa = PBXBuildFile;
			settings = {
			};
		};
		9DB8DECD0590C1370039D27C = {
			fileRef = 9D028CFA041284B700A81664;
			isa = PBXBuildFile;
			settings = {
			};
		};
		9DB8DECE0590C1370039D27C = {
			fileRef = 9D028CFE04138A4D00A81664;
			isa = PBXBuildFile;
			settings = {
			};
		};
		9DB8DECF0590C1370039D27C = {
			fileRef = 9D028D020413A78700A81664;
			isa = PBXBuildFile;
			settings = {
			};
		};
		9DB8DED00590C1370039D27C = {
			fileRef = 9D4C893C0415118000A81664;
			isa = PBXBuildFile;
			settings = {
			};
		};
		9DB8DED10590C1370039D27C = {
			fileRef = 9DCE8DB60416511200A81608;
			isa = PBXBuildFile;
			settings = {
			};
		};
		9DB8DED20590C1370039D27C = {
			fileRef = 9DC8FEA904191F9400A81608;
			isa = PBXBuildFile;
			settings = {
			};
		};
		9DB8DED30590C1370039D27C = {
			fileRef = 9D6B421E042DBD5500F86BBE;
			isa = PBXBuildFile;
			settings = {
			};
		};
		9DB8DED40590C1370039D27C = {
			fileRef = 9DC53C8F045D6C1500C7B3CF;
			isa = PBXBuildFile;
			settings = {
			};
		};
		9DB8DED50590C1370039D27C = {
			fileRef = 9DC53C92045D6C1500C7B3CF;
			isa = PBXBuildFile;
			settings = {
			};
		};
		9DB8DED60590C1370039D27C = {
			fileRef = 9DC53C94045D6C1500C7B3CF;
			isa = PBXBuildFile;
			settings = {
			};
		};
		9DB8DED70590C1370039D27C = {
			fileRef = 9DC53C95045D6C1500C7B3CF;
			isa = PBXBuildFile;
			settings = {
			};
		};
		9DB8DED80590C1370039D27C = {
			fileRef = 9DC53C97045D6C1500C7B3CF;
			isa = PBXBuildFile;
			settings = {
			};
		};
		9DB8DED90590C1370039D27C = {
			buildActionMask = 2147483647;
			files = (
				9DB8DEDA0590C1370039D27C,
				9DB8DEDB0590C1370039D27C,
			);
			isa = PBXFrameworksBuildPhase;
			runOnlyForDeploymentPostprocessing = 0;
		};
		9DB8DEDA0590C1370039D27C = {
			fileRef = 1058C7A7FEA54F5311CA2CBB;
			isa = PBXBuildFile;
			settings = {
			};
		};
		9DB8DEDB0590C1370039D27C = {
			fileRef = 9DC8FEAC0419293800A81608;
			isa = PBXBuildFile;
			settings = {
			};
		};
		9DB8DEDD0590C1370039D27C = {
			isa = PBXFileReference;
			lastKnownFileType = text.plist;
			path = "Info-AquaLess.plist";
			refType = 4;
			sourceTree = "<group>";
		};
		9DB8DEDE0590C1370039D27C = {
			explicitFileType = wrapper.application;
			includeInIndex = 0;
			isa = PBXFileReference;
			path = AquaLess.app;
			refType = 3;
			sourceTree = BUILT_PRODUCTS_DIR;
		};
		9DB8DEE00590C1430039D27C = {
			containerPortal = 2A37F4A9FDCFA73011CA2CEA;
			isa = PBXContainerItemProxy;
			proxyType = 1;
			remoteGlobalIDString = 9DB8DE980590C11B0039D27C;
			remoteInfo = "aless (Upgraded)";
		};
		9DB8DEE10590C1430039D27C = {
			isa = PBXTargetDependency;
			target = 9DB8DE980590C11B0039D27C;
			targetProxy = 9DB8DEE00590C1430039D27C;
		};
		9DC53C8D045D6BEA00C7B3CF = {
			children = (
				9DC53C8F045D6C1500C7B3CF,
				9DC53C8E045D6C1500C7B3CF,
				9DC53C91045D6C1500C7B3CF,
				9DC53C96045D6C1500C7B3CF,
				9DC53C95045D6C1500C7B3CF,
				9DC53C93045D6C1500C7B3CF,
				9DC53C90045D6C1500C7B3CF,
				9DC53C92045D6C1500C7B3CF,
				9DC53C94045D6C1500C7B3CF,
				9DC53C97045D6C1500C7B3CF,
			);
			isa = PBXGroup;
			name = Regex;
			refType = 4;
			sourceTree = "<group>";
		};
		9DC53C8E045D6C1500C7B3CF = {
			fileEncoding = 5;
			isa = PBXFileReference;
			lastKnownFileType = sourcecode.c.h;
			name = AGRegex.h;
			path = regex/AGRegex.h;
			refType = 4;
			sourceTree = "<group>";
		};
		9DC53C8F045D6C1500C7B3CF = {
			fileEncoding = 5;
			isa = PBXFileReference;
			lastKnownFileType = sourcecode.c.objc;
			name = AGRegex.m;
			path = regex/AGRegex.m;
			refType = 4;
			sourceTree = "<group>";
		};
		9DC53C90045D6C1500C7B3CF = {
			fileEncoding = 5;
			isa = PBXFileReference;
			lastKnownFileType = sourcecode.c.c;
			name = chartables.c;
			path = regex/chartables.c;
			refType = 4;
			sourceTree = "<group>";
		};
		9DC53C91045D6C1500C7B3CF = {
			fileEncoding = 5;
			isa = PBXFileReference;
			lastKnownFileType = sourcecode.c.h;
			name = config.h;
			path = regex/config.h;
			refType = 4;
			sourceTree = "<group>";
		};
		9DC53C92045D6C1500C7B3CF = {
			fileEncoding = 5;
			isa = PBXFileReference;
			lastKnownFileType = sourcecode.c.c;
			name = get.c;
			path = regex/get.c;
			refType = 4;
			sourceTree = "<group>";
		};
		9DC53C93045D6C1500C7B3CF = {
			fileEncoding = 5;
			isa = PBXFileReference;
			lastKnownFileType = sourcecode.c.h;
			name = internal.h;
			path = regex/internal.h;
			refType = 4;
			sourceTree = "<group>";
		};
		9DC53C94045D6C1500C7B3CF = {
			fileEncoding = 5;
			isa = PBXFileReference;
			lastKnownFileType = sourcecode.c.c;
			name = maketables.c;
			path = regex/maketables.c;
			refType = 4;
			sourceTree = "<group>";
		};
		9DC53C95045D6C1500C7B3CF = {
			fileEncoding = 5;
			isa = PBXFileReference;
			lastKnownFileType = sourcecode.c.c;
			name = pcre.c;
			path = regex/pcre.c;
			refType = 4;
			sourceTree = "<group>";
		};
		9DC53C96045D6C1500C7B3CF = {
			fileEncoding = 5;
			isa = PBXFileReference;
			lastKnownFileType = sourcecode.c.h;
			name = pcre.h;
			path = regex/pcre.h;
			refType = 4;
			sourceTree = "<group>";
		};
		9DC53C97045D6C1500C7B3CF = {
			fileEncoding = 5;
			isa = PBXFileReference;
			lastKnownFileType = sourcecode.c.c;
			name = study.c;
			path = regex/study.c;
			refType = 4;
			sourceTree = "<group>";
		};
		9DC8FEA804191F9400A81608 = {
			fileEncoding = 5;
			isa = PBXFileReference;
			lastKnownFileType = sourcecode.c.h;
			path = ToolInstaller.h;
			refType = 4;
			sourceTree = "<group>";
		};
		9DC8FEA904191F9400A81608 = {
			fileEncoding = 5;
			isa = PBXFileReference;
			lastKnownFileType = sourcecode.c.objc;
			path = ToolInstaller.m;
			refType = 4;
			sourceTree = "<group>";
		};
		9DC8FEAC0419293800A81608 = {
			fallbackIsa = PBXFileReference;
			isa = PBXFrameworkReference;
			lastKnownFileType = wrapper.framework;
			name = Security.framework;
			path = /System/Library/Frameworks/Security.framework;
			refType = 0;
			sourceTree = "<absolute>";
		};
		9DCE8DB50416511200A81608 = {
			fileEncoding = 5;
			isa = PBXFileReference;
			lastKnownFileType = sourcecode.c.h;
			path = ReadmeWindowController.h;
			refType = 4;
			sourceTree = "<group>";
		};
		9DCE8DB60416511200A81608 = {
			fileEncoding = 5;
			isa = PBXFileReference;
			lastKnownFileType = sourcecode.c.objc;
			path = ReadmeWindowController.m;
			refType = 4;
			sourceTree = "<group>";
		};
		9DCE8DB904165DCF00A81608 = {
			children = (
				9DCE8DBA04165DCF00A81608,
			);
			isa = PBXVariantGroup;
			name = License.rtf;
			path = "";
			refType = 4;
			sourceTree = "<group>";
		};
		9DCE8DBA04165DCF00A81608 = {
			isa = PBXFileReference;
			lastKnownFileType = text.rtf;
			name = English;
			path = English.lproj/License.rtf;
			refType = 4;
			sourceTree = "<group>";
		};
		9DCE8DBB04165DCF00A81608 = {
			children = (
				9DCE8DBC04165DCF00A81608,
			);
			isa = PBXVariantGroup;
			name = ReadMe.rtf;
			path = "";
			refType = 4;
			sourceTree = "<group>";
		};
		9DCE8DBC04165DCF00A81608 = {
			isa = PBXFileReference;
			lastKnownFileType = text.rtf;
			name = English;
			path = English.lproj/ReadMe.rtf;
			refType = 4;
			sourceTree = "<group>";
		};
		9DCE8DBF04165E4900A81608 = {
			children = (
				9DCE8DC004165E4900A81608,
			);
			isa = PBXVariantGroup;
			name = ReadmeWindow.nib;
			path = "";
			refType = 4;
			sourceTree = "<group>";
		};
		9DCE8DC004165E4900A81608 = {
			isa = PBXFileReference;
			lastKnownFileType = wrapper.nib;
			name = English;
			path = English.lproj/ReadmeWindow.nib;
			refType = 4;
			sourceTree = "<group>";
		};
	};
	rootObject = 2A37F4A9FDCFA73011CA2CEA;
}
